
Microsoft Visual Studio Solution File, Format Version 12.00
# Visual Studio Version 17
VisualStudioVersion = 17.9.34728.123
MinimumVisualStudioVersion = 10.0.40219.1
Project("{9A19103F-16F7-4668-BE54-9A1E7A4F7556}") = "FlickrRandomPhotoBot", "FlickrRandomPhotoBot\FlickrRandomPhotoBot.csproj", "{AEC1CF6D-7FDA-4BDF-BA06-12D74E6CD43F}"
EndProject
Global
	GlobalSection(SolutionConfigurationPlatforms) = preSolution
		Debug|Any CPU = Debug|Any CPU
		Release|Any CPU = Release|Any CPU
	EndGlobalSection
	GlobalSection(ProjectConfigurationPlatforms) = postSolution
		{AEC1CF6D-7FDA-4BDF-BA06-12D74E6CD43F}.Debug|Any CPU.ActiveCfg = Debug|Any CPU
		{AEC1CF6D-7FDA-4BDF-BA06-12D74E6CD43F}.Debug|Any CPU.Build.0 = Debug|Any CPU
		{AEC1CF6D-7FDA-4BDF-BA06-12D74E6CD43F}.Release|Any CPU.ActiveCfg = Release|Any CPU
		{AEC1CF6D-7FDA-4BDF-BA06-12D74E6CD43F}.Release|Any CPU.Build.0 = Release|Any CPU
	EndGlobalSection
	GlobalSection(SolutionProperties) = preSolution
		HideSolutionNode = FALSE
	EndGlobalSection
	GlobalSection(ExtensibilityGlobals) = postSolution
		SolutionGuid = {86CFBB10-AA2D-4AB3-BC1E-6D5BD4F041F1}
	EndGlobalSection
EndGlobal
